// !$*UTF8*$!
{
	archiveVersion = 1;
	classes = {
	};
	objectVersion = 56;
	objects = {

/* Begin PBXBuildFile section */
		C0C1F0382C39BD35000EDD76 /* AppDelegate.swift in Sources */ = {isa = PBXBuildFile; fileRef = C0C1F0372C39BD35000EDD76 /* AppDelegate.swift */; };
		C0C1F03A2C39BD35000EDD76 /* SceneDelegate.swift in Sources */ = {isa = PBXBuildFile; fileRef = C0C1F0392C39BD35000EDD76 /* SceneDelegate.swift */; };
		C0C1F03C2C39BD35000EDD76 /* ViewController.swift in Sources */ = {isa = PBXBuildFile; fileRef = C0C1F03B2C39BD35000EDD76 /* ViewController.swift */; };
		C0C1F03F2C39BD35000EDD76 /* Base in Resources */ = {isa = PBXBuildFile; fileRef = C0C1F03E2C39BD35000EDD76 /* Base */; };
		C0C1F0412C39BD37000EDD76 /* Assets.xcassets in Resources */ = {isa = PBXBuildFile; fileRef = C0C1F0402C39BD37000EDD76 /* Assets.xcassets */; };
		C0C1F0442C39BD37000EDD76 /* Base in Resources */ = {isa = PBXBuildFile; fileRef = C0C1F0432C39BD37000EDD76 /* Base */; };
		C0C1F04F2C39BD37000EDD76 /* UIKitTutorialTests.swift in Sources */ = {isa = PBXBuildFile; fileRef = C0C1F04E2C39BD37000EDD76 /* UIKitTutorialTests.swift */; };
		C0C1F0592C39BD37000EDD76 /* UIKitTutorialUITests.swift in Sources */ = {isa = PBXBuildFile; fileRef = C0C1F0582C39BD37000EDD76 /* UIKitTutorialUITests.swift */; };
		C0C1F05B2C39BD37000EDD76 /* UIKitTutorialUITestsLaunchTests.swift in Sources */ = {isa = PBXBuildFile; fileRef = C0C1F05A2C39BD37000EDD76 /* UIKitTutorialUITestsLaunchTests.swift */; };
		C0C1F0702C3B350A000EDD76 /* LabelTutorialViewController.swift in Sources */ = {isa = PBXBuildFile; fileRef = C0C1F06F2C3B350A000EDD76 /* LabelTutorialViewController.swift */; };
		C0FAC9A22C3C77FC0064E8D0 /* ButtonViewController.swift in Sources */ = {isa = PBXBuildFile; fileRef = C0FAC9A12C3C77FC0064E8D0 /* ButtonViewController.swift */; };
		C0FAC9A52C3D4C5C0064E8D0 /* ImageViewController.swift in Sources */ = {isa = PBXBuildFile; fileRef = C0FAC9A42C3D4C5C0064E8D0 /* ImageViewController.swift */; };
		C0FAC9A82C3D52DB0064E8D0 /* StackViewController.swift in Sources */ = {isa = PBXBuildFile; fileRef = C0FAC9A72C3D52DB0064E8D0 /* StackViewController.swift */; };
		C0FAC9AB2C3D55B30064E8D0 /* TextFieldViewController.swift in Sources */ = {isa = PBXBuildFile; fileRef = C0FAC9AA2C3D55B30064E8D0 /* TextFieldViewController.swift */; };
		C0FAC9AE2C3DD1180064E8D0 /* ToggleButtonsView.swift in Sources */ = {isa = PBXBuildFile; fileRef = C0FAC9AD2C3DD1180064E8D0 /* ToggleButtonsView.swift */; };
		C0FAC9B02C3E8BAD0064E8D0 /* ToggleViewController.swift in Sources */ = {isa = PBXBuildFile; fileRef = C0FAC9AF2C3E8BAD0064E8D0 /* ToggleViewController.swift */; };
/* End PBXBuildFile section */

/* Begin PBXContainerItemProxy section */
		C0C1F04B2C39BD37000EDD76 /* PBXContainerItemProxy */ = {
			isa = PBXContainerItemProxy;
			containerPortal = C0C1F02C2C39BD35000EDD76 /* Project object */;
			proxyType = 1;
			remoteGlobalIDString = C0C1F0332C39BD35000EDD76;
			remoteInfo = UIKitTutorial;
		};
		C0C1F0552C39BD37000EDD76 /* PBXContainerItemProxy */ = {
			isa = PBXContainerItemProxy;
			containerPortal = C0C1F02C2C39BD35000EDD76 /* Project object */;
			proxyType = 1;
			remoteGlobalIDString = C0C1F0332C39BD35000EDD76;
			remoteInfo = UIKitTutorial;
		};
/* End PBXContainerItemProxy section */

/* Begin PBXFileReference section */
		C0C1F0342C39BD35000EDD76 /* UIKitTutorial.app */ = {isa = PBXFileReference; explicitFileType = wrapper.application; includeInIndex = 0; path = UIKitTutorial.app; sourceTree = BUILT_PRODUCTS_DIR; };
		C0C1F0372C39BD35000EDD76 /* AppDelegate.swift */ = {isa = PBXFileReference; lastKnownFileType = sourcecode.swift; path = AppDelegate.swift; sourceTree = "<group>"; };
		C0C1F0392C39BD35000EDD76 /* SceneDelegate.swift */ = {isa = PBXFileReference; lastKnownFileType = sourcecode.swift; path = SceneDelegate.swift; sourceTree = "<group>"; };
		C0C1F03B2C39BD35000EDD76 /* ViewController.swift */ = {isa = PBXFileReference; lastKnownFileType = sourcecode.swift; path = ViewController.swift; sourceTree = "<group>"; };
		C0C1F03E2C39BD35000EDD76 /* Base */ = {isa = PBXFileReference; lastKnownFileType = file.storyboard; name = Base; path = Base.lproj/Main.storyboard; sourceTree = "<group>"; };
		C0C1F0402C39BD37000EDD76 /* Assets.xcassets */ = {isa = PBXFileReference; lastKnownFileType = folder.assetcatalog; path = Assets.xcassets; sourceTree = "<group>"; };
		C0C1F0432C39BD37000EDD76 /* Base */ = {isa = PBXFileReference; lastKnownFileType = file.storyboard; name = Base; path = Base.lproj/LaunchScreen.storyboard; sourceTree = "<group>"; };
		C0C1F0452C39BD37000EDD76 /* Info.plist */ = {isa = PBXFileReference; lastKnownFileType = text.plist.xml; path = Info.plist; sourceTree = "<group>"; };
		C0C1F04A2C39BD37000EDD76 /* UIKitTutorialTests.xctest */ = {isa = PBXFileReference; explicitFileType = wrapper.cfbundle; includeInIndex = 0; path = UIKitTutorialTests.xctest; sourceTree = BUILT_PRODUCTS_DIR; };
		C0C1F04E2C39BD37000EDD76 /* UIKitTutorialTests.swift */ = {isa = PBXFileReference; lastKnownFileType = sourcecode.swift; path = UIKitTutorialTests.swift; sourceTree = "<group>"; };
		C0C1F0542C39BD37000EDD76 /* UIKitTutorialUITests.xctest */ = {isa = PBXFileReference; explicitFileType = wrapper.cfbundle; includeInIndex = 0; path = UIKitTutorialUITests.xctest; sourceTree = BUILT_PRODUCTS_DIR; };
		C0C1F0582C39BD37000EDD76 /* UIKitTutorialUITests.swift */ = {isa = PBXFileReference; lastKnownFileType = sourcecode.swift; path = UIKitTutorialUITests.swift; sourceTree = "<group>"; };
		C0C1F05A2C39BD37000EDD76 /* UIKitTutorialUITestsLaunchTests.swift */ = {isa = PBXFileReference; lastKnownFileType = sourcecode.swift; path = UIKitTutorialUITestsLaunchTests.swift; sourceTree = "<group>"; };
		C0C1F06F2C3B350A000EDD76 /* LabelTutorialViewController.swift */ = {isa = PBXFileReference; lastKnownFileType = sourcecode.swift; path = LabelTutorialViewController.swift; sourceTree = "<group>"; };
		C0FAC9A12C3C77FC0064E8D0 /* ButtonViewController.swift */ = {isa = PBXFileReference; lastKnownFileType = sourcecode.swift; path = ButtonViewController.swift; sourceTree = "<group>"; };
		C0FAC9A42C3D4C5C0064E8D0 /* ImageViewController.swift */ = {isa = PBXFileReference; lastKnownFileType = sourcecode.swift; path = ImageViewController.swift; sourceTree = "<group>"; };
		C0FAC9A72C3D52DB0064E8D0 /* StackViewController.swift */ = {isa = PBXFileReference; lastKnownFileType = sourcecode.swift; path = StackViewController.swift; sourceTree = "<group>"; };
		C0FAC9AA2C3D55B30064E8D0 /* TextFieldViewController.swift */ = {isa = PBXFileReference; lastKnownFileType = sourcecode.swift; path = TextFieldViewController.swift; sourceTree = "<group>"; };
		C0FAC9AD2C3DD1180064E8D0 /* ToggleButtonsView.swift */ = {isa = PBXFileReference; lastKnownFileType = sourcecode.swift; path = ToggleButtonsView.swift; sourceTree = "<group>"; };
		C0FAC9AF2C3E8BAD0064E8D0 /* ToggleViewController.swift */ = {isa = PBXFileReference; lastKnownFileType = sourcecode.swift; path = ToggleViewController.swift; sourceTree = "<group>"; };
/* End PBXFileReference section */

/* Begin PBXFrameworksBuildPhase section */
		C0C1F0312C39BD35000EDD76 /* Frameworks */ = {
			isa = PBXFrameworksBuildPhase;
			buildActionMask = 2147483647;
			files = (
			);
			runOnlyForDeploymentPostprocessing = 0;
		};
		C0C1F0472C39BD37000EDD76 /* Frameworks */ = {
			isa = PBXFrameworksBuildPhase;
			buildActionMask = 2147483647;
			files = (
			);
			runOnlyForDeploymentPostprocessing = 0;
		};
		C0C1F0512C39BD37000EDD76 /* Frameworks */ = {
			isa = PBXFrameworksBuildPhase;
			buildActionMask = 2147483647;
			files = (
			);
			runOnlyForDeploymentPostprocessing = 0;
		};
/* End PBXFrameworksBuildPhase section */

/* Begin PBXGroup section */
		C0ADB11C2C43CF9D00B8CFE6 /* LottieAnim */ = {
			isa = PBXGroup;
			children = (
			);
			path = LottieAnim;
			sourceTree = "<group>";
		};
		C0C1F02B2C39BD35000EDD76 = {
			isa = PBXGroup;
			children = (
				C0C1F0362C39BD35000EDD76 /* UIKitTutorial */,
				C0C1F04D2C39BD37000EDD76 /* UIKitTutorialTests */,
				C0C1F0572C39BD37000EDD76 /* UIKitTutorialUITests */,
				C0C1F0352C39BD35000EDD76 /* Products */,
			);
			sourceTree = "<group>";
		};
		C0C1F0352C39BD35000EDD76 /* Products */ = {
			isa = PBXGroup;
			children = (
				C0C1F0342C39BD35000EDD76 /* UIKitTutorial.app */,
				C0C1F04A2C39BD37000EDD76 /* UIKitTutorialTests.xctest */,
				C0C1F0542C39BD37000EDD76 /* UIKitTutorialUITests.xctest */,
			);
			name = Products;
			sourceTree = "<group>";
		};
		C0C1F0362C39BD35000EDD76 /* UIKitTutorial */ = {
			isa = PBXGroup;
			children = (
				C0C1F0672C39BD41000EDD76 /* App */,
				C0C1F0682C39BD70000EDD76 /* Basics */,
				C0C1F0692C39BD7A000EDD76 /* Crypto */,
				C0C1F06C2C39BE09000EDD76 /* Extensions */,
				C0C1F06A2C39BDB9000EDD76 /* Resources */,
				C0C1F06B2C39BDD5000EDD76 /* Storyboards */,
			);
			path = UIKitTutorial;
			sourceTree = "<group>";
		};
		C0C1F04D2C39BD37000EDD76 /* UIKitTutorialTests */ = {
			isa = PBXGroup;
			children = (
				C0C1F04E2C39BD37000EDD76 /* UIKitTutorialTests.swift */,
			);
			path = UIKitTutorialTests;
			sourceTree = "<group>";
		};
		C0C1F0572C39BD37000EDD76 /* UIKitTutorialUITests */ = {
			isa = PBXGroup;
			children = (
				C0C1F0582C39BD37000EDD76 /* UIKitTutorialUITests.swift */,
				C0C1F05A2C39BD37000EDD76 /* UIKitTutorialUITestsLaunchTests.swift */,
			);
			path = UIKitTutorialUITests;
			sourceTree = "<group>";
		};
		C0C1F0672C39BD41000EDD76 /* App */ = {
			isa = PBXGroup;
			children = (
				C0C1F0372C39BD35000EDD76 /* AppDelegate.swift */,
				C0FAC9AC2C3DD0A00064E8D0 /* DelegatePattern */,
				C0C1F0392C39BD35000EDD76 /* SceneDelegate.swift */,
			);
			path = App;
			sourceTree = "<group>";
		};
		C0C1F0682C39BD70000EDD76 /* Basics */ = {
			isa = PBXGroup;
			children = (
				C0ADB11C2C43CF9D00B8CFE6 /* LottieAnim */,
				C0FAC9A92C3D558A0064E8D0 /* TextfieldController */,
				C0FAC9A62C3D52970064E8D0 /* StackViews */,
				C0FAC9A32C3D4C3C0064E8D0 /* Images */,
				C0C1F03B2C39BD35000EDD76 /* ViewController.swift */,
				C0FAC9A02C3C77CB0064E8D0 /* Buttons */,
				C0C1F06E2C3B34D4000EDD76 /* Label */,
			);
			path = Basics;
			sourceTree = "<group>";
		};
		C0C1F0692C39BD7A000EDD76 /* Crypto */ = {
			isa = PBXGroup;
			children = (
			);
			path = Crypto;
			sourceTree = "<group>";
		};
		C0C1F06A2C39BDB9000EDD76 /* Resources */ = {
			isa = PBXGroup;
			children = (
				C0C1F0452C39BD37000EDD76 /* Info.plist */,
				C0C1F0402C39BD37000EDD76 /* Assets.xcassets */,
			);
			path = Resources;
			sourceTree = "<group>";
		};
		C0C1F06B2C39BDD5000EDD76 /* Storyboards */ = {
			isa = PBXGroup;
			children = (
				C0C1F0422C39BD37000EDD76 /* LaunchScreen.storyboard */,
				C0C1F03D2C39BD35000EDD76 /* Main.storyboard */,
			);
			path = Storyboards;
			sourceTree = "<group>";
		};
		C0C1F06C2C39BE09000EDD76 /* Extensions */ = {
			isa = PBXGroup;
			children = (
			);
			path = Extensions;
			sourceTree = "<group>";
		};
		C0C1F06E2C3B34D4000EDD76 /* Label */ = {
			isa = PBXGroup;
			children = (
				C0C1F06F2C3B350A000EDD76 /* LabelTutorialViewController.swift */,
			);
			path = Label;
			sourceTree = "<group>";
		};
		C0FAC9A02C3C77CB0064E8D0 /* Buttons */ = {
			isa = PBXGroup;
			children = (
				C0FAC9A12C3C77FC0064E8D0 /* ButtonViewController.swift */,
			);
			path = Buttons;
			sourceTree = "<group>";
		};
		C0FAC9A32C3D4C3C0064E8D0 /* Images */ = {
			isa = PBXGroup;
			children = (
				C0FAC9A42C3D4C5C0064E8D0 /* ImageViewController.swift */,
			);
			path = Images;
			sourceTree = "<group>";
		};
		C0FAC9A62C3D52970064E8D0 /* StackViews */ = {
			isa = PBXGroup;
			children = (
				C0FAC9A72C3D52DB0064E8D0 /* StackViewController.swift */,
			);
			path = StackViews;
			sourceTree = "<group>";
		};
		C0FAC9A92C3D558A0064E8D0 /* TextfieldController */ = {
			isa = PBXGroup;
			children = (
				C0FAC9AA2C3D55B30064E8D0 /* TextFieldViewController.swift */,
			);
			path = TextfieldController;
			sourceTree = "<group>";
		};
		C0FAC9AC2C3DD0A00064E8D0 /* DelegatePattern */ = {
			isa = PBXGroup;
			children = (
				C0FAC9AD2C3DD1180064E8D0 /* ToggleButtonsView.swift */,
				C0FAC9AF2C3E8BAD0064E8D0 /* ToggleViewController.swift */,
			);
			path = DelegatePattern;
			sourceTree = "<group>";
		};
/* End PBXGroup section */

/* Begin PBXNativeTarget section */
		C0C1F0332C39BD35000EDD76 /* UIKitTutorial */ = {
			isa = PBXNativeTarget;
			buildConfigurationList = C0C1F05E2C39BD37000EDD76 /* Build configuration list for PBXNativeTarget "UIKitTutorial" */;
			buildPhases = (
				C0C1F0302C39BD35000EDD76 /* Sources */,
				C0C1F0312C39BD35000EDD76 /* Frameworks */,
				C0C1F0322C39BD35000EDD76 /* Resources */,
			);
			buildRules = (
			);
			dependencies = (
			);
			name = UIKitTutorial;
			productName = UIKitTutorial;
			productReference = C0C1F0342C39BD35000EDD76 /* UIKitTutorial.app */;
			productType = "com.apple.product-type.application";
		};
		C0C1F0492C39BD37000EDD76 /* UIKitTutorialTests */ = {
			isa = PBXNativeTarget;
			buildConfigurationList = C0C1F0612C39BD37000EDD76 /* Build configuration list for PBXNativeTarget "UIKitTutorialTests" */;
			buildPhases = (
				C0C1F0462C39BD37000EDD76 /* Sources */,
				C0C1F0472C39BD37000EDD76 /* Frameworks */,
				C0C1F0482C39BD37000EDD76 /* Resources */,
			);
			buildRules = (
			);
			dependencies = (
				C0C1F04C2C39BD37000EDD76 /* PBXTargetDependency */,
			);
			name = UIKitTutorialTests;
			productName = UIKitTutorialTests;
			productReference = C0C1F04A2C39BD37000EDD76 /* UIKitTutorialTests.xctest */;
			productType = "com.apple.product-type.bundle.unit-test";
		};
		C0C1F0532C39BD37000EDD76 /* UIKitTutorialUITests */ = {
			isa = PBXNativeTarget;
			buildConfigurationList = C0C1F0642C39BD37000EDD76 /* Build configuration list for PBXNativeTarget "UIKitTutorialUITests" */;
			buildPhases = (
				C0C1F0502C39BD37000EDD76 /* Sources */,
				C0C1F0512C39BD37000EDD76 /* Frameworks */,
				C0C1F0522C39BD37000EDD76 /* Resources */,
			);
			buildRules = (
			);
			dependencies = (
				C0C1F0562C39BD37000EDD76 /* PBXTargetDependency */,
			);
			name = UIKitTutorialUITests;
			productName = UIKitTutorialUITests;
			productReference = C0C1F0542C39BD37000EDD76 /* UIKitTutorialUITests.xctest */;
			productType = "com.apple.product-type.bundle.ui-testing";
		};
/* End PBXNativeTarget section */

/* Begin PBXProject section */
		C0C1F02C2C39BD35000EDD76 /* Project object */ = {
			isa = PBXProject;
			attributes = {
				BuildIndependentTargetsInParallel = 1;
				LastSwiftUpdateCheck = 1530;
				LastUpgradeCheck = 1530;
				TargetAttributes = {
					C0C1F0332C39BD35000EDD76 = {
						CreatedOnToolsVersion = 15.3;
					};
					C0C1F0492C39BD37000EDD76 = {
						CreatedOnToolsVersion = 15.3;
						TestTargetID = C0C1F0332C39BD35000EDD76;
					};
					C0C1F0532C39BD37000EDD76 = {
						CreatedOnToolsVersion = 15.3;
						TestTargetID = C0C1F0332C39BD35000EDD76;
					};
				};
			};
			buildConfigurationList = C0C1F02F2C39BD35000EDD76 /* Build configuration list for PBXProject "UIKitTutorial" */;
			compatibilityVersion = "Xcode 14.0";
			developmentRegion = en;
			hasScannedForEncodings = 0;
			knownRegions = (
				en,
				Base,
			);
			mainGroup = C0C1F02B2C39BD35000EDD76;
			productRefGroup = C0C1F0352C39BD35000EDD76 /* Products */;
			projectDirPath = "";
			projectRoot = "";
			targets = (
				C0C1F0332C39BD35000EDD76 /* UIKitTutorial */,
				C0C1F0492C39BD37000EDD76 /* UIKitTutorialTests */,
				C0C1F0532C39BD37000EDD76 /* UIKitTutorialUITests */,
			);
		};
/* End PBXProject section */

/* Begin PBXResourcesBuildPhase section */
		C0C1F0322C39BD35000EDD76 /* Resources */ = {
			isa = PBXResourcesBuildPhase;
			buildActionMask = 2147483647;
			files = (
				C0C1F0412C39BD37000EDD76 /* Assets.xcassets in Resources */,
				C0C1F0442C39BD37000EDD76 /* Base in Resources */,
				C0C1F03F2C39BD35000EDD76 /* Base in Resources */,
			);
			runOnlyForDeploymentPostprocessing = 0;
		};
		C0C1F0482C39BD37000EDD76 /* Resources */ = {
			isa = PBXResourcesBuildPhase;
			buildActionMask = 2147483647;
			files = (
			);
			runOnlyForDeploymentPostprocessing = 0;
		};
		C0C1F0522C39BD37000EDD76 /* Resources */ = {
			isa = PBXResourcesBuildPhase;
			buildActionMask = 2147483647;
			files = (
			);
			runOnlyForDeploymentPostprocessing = 0;
		};
/* End PBXResourcesBuildPhase section */

/* Begin PBXSourcesBuildPhase section */
		C0C1F0302C39BD35000EDD76 /* Sources */ = {
			isa = PBXSourcesBuildPhase;
			buildActionMask = 2147483647;
			files = (
				C0FAC9AB2C3D55B30064E8D0 /* TextFieldViewController.swift in Sources */,
				C0FAC9AE2C3DD1180064E8D0 /* ToggleButtonsView.swift in Sources */,
				C0C1F03C2C39BD35000EDD76 /* ViewController.swift in Sources */,
				C0C1F0702C3B350A000EDD76 /* LabelTutorialViewController.swift in Sources */,
				C0C1F0382C39BD35000EDD76 /* AppDelegate.swift in Sources */,
				C0FAC9A82C3D52DB0064E8D0 /* StackViewController.swift in Sources */,
				C0FAC9B02C3E8BAD0064E8D0 /* ToggleViewController.swift in Sources */,
				C0FAC9A22C3C77FC0064E8D0 /* ButtonViewController.swift in Sources */,
				C0FAC9A52C3D4C5C0064E8D0 /* ImageViewController.swift in Sources */,
				C0C1F03A2C39BD35000EDD76 /* SceneDelegate.swift in Sources */,
			);
			runOnlyForDeploymentPostprocessing = 0;
		};
		C0C1F0462C39BD37000EDD76 /* Sources */ = {
			isa = PBXSourcesBuildPhase;
			buildActionMask = 2147483647;
			files = (
				C0C1F04F2C39BD37000EDD76 /* UIKitTutorialTests.swift in Sources */,
			);
			runOnlyForDeploymentPostprocessing = 0;
		};
		C0C1F0502C39BD37000EDD76 /* Sources */ = {
			isa = PBXSourcesBuildPhase;
			buildActionMask = 2147483647;
			files = (
				C0C1F0592C39BD37000EDD76 /* UIKitTutorialUITests.swift in Sources */,
				C0C1F05B2C39BD37000EDD76 /* UIKitTutorialUITestsLaunchTests.swift in Sources */,
			);
			runOnlyForDeploymentPostprocessing = 0;
		};
/* End PBXSourcesBuildPhase section */

/* Begin PBXTargetDependency section */
		C0C1F04C2C39BD37000EDD76 /* PBXTargetDependency */ = {
			isa = PBXTargetDependency;
			target = C0C1F0332C39BD35000EDD76 /* UIKitTutorial */;
			targetProxy = C0C1F04B2C39BD37000EDD76 /* PBXContainerItemProxy */;
		};
		C0C1F0562C39BD37000EDD76 /* PBXTargetDependency */ = {
			isa = PBXTargetDependency;
			target = C0C1F0332C39BD35000EDD76 /* UIKitTutorial */;
			targetProxy = C0C1F0552C39BD37000EDD76 /* PBXContainerItemProxy */;
		};
/* End PBXTargetDependency section */

/* Begin PBXVariantGroup section */
		C0C1F03D2C39BD35000EDD76 /* Main.storyboard */ = {
			isa = PBXVariantGroup;
			children = (
				C0C1F03E2C39BD35000EDD76 /* Base */,
			);
			name = Main.storyboard;
			sourceTree = "<group>";
		};
		C0C1F0422C39BD37000EDD76 /* LaunchScreen.storyboard */ = {
			isa = PBXVariantGroup;
			children = (
				C0C1F0432C39BD37000EDD76 /* Base */,
			);
			name = LaunchScreen.storyboard;
			sourceTree = "<group>";
		};
/* End PBXVariantGroup section */

/* Begin XCBuildConfiguration section */
		C0C1F05C2C39BD37000EDD76 /* Debug */ = {
			isa = XCBuildConfiguration;
			buildSettings = {
				ALWAYS_SEARCH_USER_PATHS = NO;
				ASSETCATALOG_COMPILER_GENERATE_SWIFT_ASSET_SYMBOL_EXTENSIONS = YES;
				CLANG_ANALYZER_NONNULL = YES;
				CLANG_ANALYZER_NUMBER_OBJECT_CONVERSION = YES_AGGRESSIVE;
				CLANG_CXX_LANGUAGE_STANDARD = "gnu++20";
				CLANG_ENABLE_MODULES = YES;
				CLANG_ENABLE_OBJC_ARC = YES;
				CLANG_ENABLE_OBJC_WEAK = YES;
				CLANG_WARN_BLOCK_CAPTURE_AUTORELEASING = YES;
				CLANG_WARN_BOOL_CONVERSION = YES;
				CLANG_WARN_COMMA = YES;
				CLANG_WARN_CONSTANT_CONVERSION = YES;
				CLANG_WARN_DEPRECATED_OBJC_IMPLEMENTATIONS = YES;
				CLANG_WARN_DIRECT_OBJC_ISA_USAGE = YES_ERROR;
				CLANG_WARN_DOCUMENTATION_COMMENTS = YES;
				CLANG_WARN_EMPTY_BODY = YES;
				CLANG_WARN_ENUM_CONVERSION = YES;
				CLANG_WARN_INFINITE_RECURSION = YES;
				CLANG_WARN_INT_CONVERSION = YES;
				CLANG_WARN_NON_LITERAL_NULL_CONVERSION = YES;
				CLANG_WARN_OBJC_IMPLICIT_RETAIN_SELF = YES;
				CLANG_WARN_OBJC_LITERAL_CONVERSION = YES;
				CLANG_WARN_OBJC_ROOT_CLASS = YES_ERROR;
				CLANG_WARN_QUOTED_INCLUDE_IN_FRAMEWORK_HEADER = YES;
				CLANG_WARN_RANGE_LOOP_ANALYSIS = YES;
				CLANG_WARN_STRICT_PROTOTYPES = YES;
				CLANG_WARN_SUSPICIOUS_MOVE = YES;
				CLANG_WARN_UNGUARDED_AVAILABILITY = YES_AGGRESSIVE;
				CLANG_WARN_UNREACHABLE_CODE = YES;
				CLANG_WARN__DUPLICATE_METHOD_MATCH = YES;
				COPY_PHASE_STRIP = NO;
				DEBUG_INFORMATION_FORMAT = dwarf;
				ENABLE_STRICT_OBJC_MSGSEND = YES;
				ENABLE_TESTABILITY = YES;
				ENABLE_USER_SCRIPT_SANDBOXING = YES;
				GCC_C_LANGUAGE_STANDARD = gnu17;
				GCC_DYNAMIC_NO_PIC = NO;
				GCC_NO_COMMON_BLOCKS = YES;
				GCC_OPTIMIZATION_LEVEL = 0;
				GCC_PREPROCESSOR_DEFINITIONS = (
					"DEBUG=1",
					"$(inherited)",
				);
				GCC_WARN_64_TO_32_BIT_CONVERSION = YES;
				GCC_WARN_ABOUT_RETURN_TYPE = YES_ERROR;
				GCC_WARN_UNDECLARED_SELECTOR = YES;
				GCC_WARN_UNINITIALIZED_AUTOS = YES_AGGRESSIVE;
				GCC_WARN_UNUSED_FUNCTION = YES;
				GCC_WARN_UNUSED_VARIABLE = YES;
				IPHONEOS_DEPLOYMENT_TARGET = 17.4;
				LOCALIZATION_PREFERS_STRING_CATALOGS = YES;
				MTL_ENABLE_DEBUG_INFO = INCLUDE_SOURCE;
				MTL_FAST_MATH = YES;
				ONLY_ACTIVE_ARCH = YES;
				SDKROOT = iphoneos;
				SWIFT_ACTIVE_COMPILATION_CONDITIONS = "DEBUG $(inherited)";
				SWIFT_OPTIMIZATION_LEVEL = "-Onone";
			};
			name = Debug;
		};
		C0C1F05D2C39BD37000EDD76 /* Release */ = {
			isa = XCBuildConfiguration;
			buildSettings = {
				ALWAYS_SEARCH_USER_PATHS = NO;
				ASSETCATALOG_COMPILER_GENERATE_SWIFT_ASSET_SYMBOL_EXTENSIONS = YES;
				CLANG_ANALYZER_NONNULL = YES;
				CLANG_ANALYZER_NUMBER_OBJECT_CONVERSION = YES_AGGRESSIVE;
				CLANG_CXX_LANGUAGE_STANDARD = "gnu++20";
				CLANG_ENABLE_MODULES = YES;
				CLANG_ENABLE_OBJC_ARC = YES;
				CLANG_ENABLE_OBJC_WEAK = YES;
				CLANG_WARN_BLOCK_CAPTURE_AUTORELEASING = YES;
				CLANG_WARN_BOOL_CONVERSION = YES;
				CLANG_WARN_COMMA = YES;
				CLANG_WARN_CONSTANT_CONVERSION = YES;
				CLANG_WARN_DEPRECATED_OBJC_IMPLEMENTATIONS = YES;
				CLANG_WARN_DIRECT_OBJC_ISA_USAGE = YES_ERROR;
				CLANG_WARN_DOCUMENTATION_COMMENTS = YES;
				CLANG_WARN_EMPTY_BODY = YES;
				CLANG_WARN_ENUM_CONVERSION = YES;
				CLANG_WARN_INFINITE_RECURSION = YES;
				CLANG_WARN_INT_CONVERSION = YES;
				CLANG_WARN_NON_LITERAL_NULL_CONVERSION = YES;
				CLANG_WARN_OBJC_IMPLICIT_RETAIN_SELF = YES;
				CLANG_WARN_OBJC_LITERAL_CONVERSION = YES;
				CLANG_WARN_OBJC_ROOT_CLASS = YES_ERROR;
				CLANG_WARN_QUOTED_INCLUDE_IN_FRAMEWORK_HEADER = YES;
				CLANG_WARN_RANGE_LOOP_ANALYSIS = YES;
				CLANG_WARN_STRICT_PROTOTYPES = YES;
				CLANG_WARN_SUSPICIOUS_MOVE = YES;
				CLANG_WARN_UNGUARDED_AVAILABILITY = YES_AGGRESSIVE;
				CLANG_WARN_UNREACHABLE_CODE = YES;
				CLANG_WARN__DUPLICATE_METHOD_MATCH = YES;
				COPY_PHASE_STRIP = NO;
				DEBUG_INFORMATION_FORMAT = "dwarf-with-dsym";
				ENABLE_NS_ASSERTIONS = NO;
				ENABLE_STRICT_OBJC_MSGSEND = YES;
				ENABLE_USER_SCRIPT_SANDBOXING = YES;
				GCC_C_LANGUAGE_STANDARD = gnu17;
				GCC_NO_COMMON_BLOCKS = YES;
				GCC_WARN_64_TO_32_BIT_CONVERSION = YES;
				GCC_WARN_ABOUT_RETURN_TYPE = YES_ERROR;
				GCC_WARN_UNDECLARED_SELECTOR = YES;
				GCC_WARN_UNINITIALIZED_AUTOS = YES_AGGRESSIVE;
				GCC_WARN_UNUSED_FUNCTION = YES;
				GCC_WARN_UNUSED_VARIABLE = YES;
				IPHONEOS_DEPLOYMENT_TARGET = 17.4;
				LOCALIZATION_PREFERS_STRING_CATALOGS = YES;
				MTL_ENABLE_DEBUG_INFO = NO;
				MTL_FAST_MATH = YES;
				SDKROOT = iphoneos;
				SWIFT_COMPILATION_MODE = wholemodule;
				VALIDATE_PRODUCT = YES;
			};
			name = Release;
		};
		C0C1F05F2C39BD37000EDD76 /* Debug */ = {
			isa = XCBuildConfiguration;
			buildSettings = {
				ASSETCATALOG_COMPILER_APPICON_NAME = AppIcon;
				ASSETCATALOG_COMPILER_GLOBAL_ACCENT_COLOR_NAME = AccentColor;
				CODE_SIGN_STYLE = Automatic;
				CURRENT_PROJECT_VERSION = 1;
				DEVELOPMENT_TEAM = R85N7Z4DTZ;
				GENERATE_INFOPLIST_FILE = YES;
				INFOPLIST_FILE = UIKitTutorial/Resources/Info.plist;
				INFOPLIST_KEY_UIApplicationSupportsIndirectInputEvents = YES;
				INFOPLIST_KEY_UILaunchStoryboardName = LaunchScreen;
				INFOPLIST_KEY_UIMainStoryboardFile = Main;
				INFOPLIST_KEY_UISupportedInterfaceOrientations_iPad = "UIInterfaceOrientationPortrait UIInterfaceOrientationPortraitUpsideDown UIInterfaceOrientationLandscapeLeft UIInterfaceOrientationLandscapeRight";
				INFOPLIST_KEY_UISupportedInterfaceOrientations_iPhone = "UIInterfaceOrientationPortrait UIInterfaceOrientationLandscapeLeft UIInterfaceOrientationLandscapeRight";
				LD_RUNPATH_SEARCH_PATHS = (
					"$(inherited)",
					"@executable_path/Frameworks",
				);
				MARKETING_VERSION = 1.0;
				PRODUCT_BUNDLE_IDENTIFIER = amalitech.UIKitTutorial;
				PRODUCT_NAME = "$(TARGET_NAME)";
				SWIFT_EMIT_LOC_STRINGS = YES;
				SWIFT_VERSION = 5.0;
				TARGETED_DEVICE_FAMILY = "1,2";
			};
			name = Debug;
		};
		C0C1F0602C39BD37000EDD76 /* Release */ = {
			isa = XCBuildConfiguration;
			buildSettings = {
				ASSETCATALOG_COMPILER_APPICON_NAME = AppIcon;
				ASSETCATALOG_COMPILER_GLOBAL_ACCENT_COLOR_NAME = AccentColor;
				CODE_SIGN_STYLE = Automatic;
				CURRENT_PROJECT_VERSION = 1;
				DEVELOPMENT_TEAM = R85N7Z4DTZ;
				GENERATE_INFOPLIST_FILE = YES;
				INFOPLIST_FILE = UIKitTutorial/Resources/Info.plist;
				INFOPLIST_KEY_UIApplicationSupportsIndirectInputEvents = YES;
				INFOPLIST_KEY_UILaunchStoryboardName = LaunchScreen;
				INFOPLIST_KEY_UIMainStoryboardFile = Main;
				INFOPLIST_KEY_UISupportedInterfaceOrientations_iPad = "UIInterfaceOrientationPortrait UIInterfaceOrientationPortraitUpsideDown UIInterfaceOrientationLandscapeLeft UIInterfaceOrientationLandscapeRight";
				INFOPLIST_KEY_UISupportedInterfaceOrientations_iPhone = "UIInterfaceOrientationPortrait UIInterfaceOrientationLandscapeLeft UIInterfaceOrientationLandscapeRight";
				LD_RUNPATH_SEARCH_PATHS = (
					"$(inherited)",
					"@executable_path/Frameworks",
				);
				MARKETING_VERSION = 1.0;
				PRODUCT_BUNDLE_IDENTIFIER = amalitech.UIKitTutorial;
				PRODUCT_NAME = "$(TARGET_NAME)";
				SWIFT_EMIT_LOC_STRINGS = YES;
				SWIFT_VERSION = 5.0;
				TARGETED_DEVICE_FAMILY = "1,2";
			};
			name = Release;
		};
		C0C1F0622C39BD37000EDD76 /* Debug */ = {
			isa = XCBuildConfiguration;
			buildSettings = {
				ALWAYS_EMBED_SWIFT_STANDARD_LIBRARIES = YES;
				BUNDLE_LOADER = "$(TEST_HOST)";
				CODE_SIGN_STYLE = Automatic;
				CURRENT_PROJECT_VERSION = 1;
				DEVELOPMENT_TEAM = R85N7Z4DTZ;
				GENERATE_INFOPLIST_FILE = YES;
				IPHONEOS_DEPLOYMENT_TARGET = 17.4;
				MARKETING_VERSION = 1.0;
				PRODUCT_BUNDLE_IDENTIFIER = amalitech.UIKitTutorialTests;
				PRODUCT_NAME = "$(TARGET_NAME)";
				SWIFT_EMIT_LOC_STRINGS = NO;
				SWIFT_VERSION = 5.0;
				TARGETED_DEVICE_FAMILY = "1,2";
				TEST_HOST = "$(BUILT_PRODUCTS_DIR)/UIKitTutorial.app/$(BUNDLE_EXECUTABLE_FOLDER_PATH)/UIKitTutorial";
			};
			name = Debug;
		};
		C0C1F0632C39BD37000EDD76 /* Release */ = {
			isa = XCBuildConfiguration;
			buildSettings = {
				ALWAYS_EMBED_SWIFT_STANDARD_LIBRARIES = YES;
				BUNDLE_LOADER = "$(TEST_HOST)";
				CODE_SIGN_STYLE = Automatic;
				CURRENT_PROJECT_VERSION = 1;
				DEVELOPMENT_TEAM = R85N7Z4DTZ;
				GENERATE_INFOPLIST_FILE = YES;
				IPHONEOS_DEPLOYMENT_TARGET = 17.4;
				MARKETING_VERSION = 1.0;
				PRODUCT_BUNDLE_IDENTIFIER = amalitech.UIKitTutorialTests;
				PRODUCT_NAME = "$(TARGET_NAME)";
				SWIFT_EMIT_LOC_STRINGS = NO;
				SWIFT_VERSION = 5.0;
				TARGETED_DEVICE_FAMILY = "1,2";
				TEST_HOST = "$(BUILT_PRODUCTS_DIR)/UIKitTutorial.app/$(BUNDLE_EXECUTABLE_FOLDER_PATH)/UIKitTutorial";
			};
			name = Release;
		};
		C0C1F0652C39BD37000EDD76 /* Debug */ = {
			isa = XCBuildConfiguration;
			buildSettings = {
				ALWAYS_EMBED_SWIFT_STANDARD_LIBRARIES = YES;
				CODE_SIGN_STYLE = Automatic;
				CURRENT_PROJECT_VERSION = 1;
				DEVELOPMENT_TEAM = R85N7Z4DTZ;
				GENERATE_INFOPLIST_FILE = YES;
				MARKETING_VERSION = 1.0;
				PRODUCT_BUNDLE_IDENTIFIER = amalitech.UIKitTutorialUITests;
				PRODUCT_NAME = "$(TARGET_NAME)";
				SWIFT_EMIT_LOC_STRINGS = NO;
				SWIFT_VERSION = 5.0;
				TARGETED_DEVICE_FAMILY = "1,2";
				TEST_TARGET_NAME = UIKitTutorial;
			};
			name = Debug;
		};
		C0C1F0662C39BD37000EDD76 /* Release */ = {
			isa = XCBuildConfiguration;
			buildSettings = {
				ALWAYS_EMBED_SWIFT_STANDARD_LIBRARIES = YES;
				CODE_SIGN_STYLE = Automatic;
				CURRENT_PROJECT_VERSION = 1;
				DEVELOPMENT_TEAM = R85N7Z4DTZ;
				GENERATE_INFOPLIST_FILE = YES;
				MARKETING_VERSION = 1.0;
				PRODUCT_BUNDLE_IDENTIFIER = amalitech.UIKitTutorialUITests;
				PRODUCT_NAME = "$(TARGET_NAME)";
				SWIFT_EMIT_LOC_STRINGS = NO;
				SWIFT_VERSION = 5.0;
				TARGETED_DEVICE_FAMILY = "1,2";
				TEST_TARGET_NAME = UIKitTutorial;
			};
			name = Release;
		};
/* End XCBuildConfiguration section */

/* Begin XCConfigurationList section */
		C0C1F02F2C39BD35000EDD76 /* Build configuration list for PBXProject "UIKitTutorial" */ = {
			isa = XCConfigurationList;
			buildConfigurations = (
				C0C1F05C2C39BD37000EDD76 /* Debug */,
				C0C1F05D2C39BD37000EDD76 /* Release */,
			);
			defaultConfigurationIsVisible = 0;
			defaultConfigurationName = Release;
		};
		C0C1F05E2C39BD37000EDD76 /* Build configuration list for PBXNativeTarget "UIKitTutorial" */ = {
			isa = XCConfigurationList;
			buildConfigurations = (
				C0C1F05F2C39BD37000EDD76 /* Debug */,
				C0C1F0602C39BD37000EDD76 /* Release */,
			);
			defaultConfigurationIsVisible = 0;
			defaultConfigurationName = Release;
		};
		C0C1F0612C39BD37000EDD76 /* Build configuration list for PBXNativeTarget "UIKitTutorialTests" */ = {
			isa = XCConfigurationList;
			buildConfigurations = (
				C0C1F0622C39BD37000EDD76 /* Debug */,
				C0C1F0632C39BD37000EDD76 /* Release */,
			);
			defaultConfigurationIsVisible = 0;
			defaultConfigurationName = Release;
		};
		C0C1F0642C39BD37000EDD76 /* Build configuration list for PBXNativeTarget "UIKitTutorialUITests" */ = {
			isa = XCConfigurationList;
			buildConfigurations = (
				C0C1F0652C39BD37000EDD76 /* Debug */,
				C0C1F0662C39BD37000EDD76 /* Release */,
			);
			defaultConfigurationIsVisible = 0;
			defaultConfigurationName = Release;
		};
/* End XCConfigurationList section */
	};
	rootObject = C0C1F02C2C39BD35000EDD76 /* Project object */;
}
